PODS:
  - Flutter (1.0.0)
  - ttorm (0.0.1):
    - Flutter

DEPENDENCIES:
  - Flutter (from `Flutter`)
  - ttorm (from `.symlinks/plugins/ttorm/ios`)

EXTERNAL SOURCES:
  Flutter:
    :path: Flutter
  ttorm:
    :path: ".symlinks/plugins/ttorm/ios"

SPEC CHECKSUMS:
  Flutter: 434fef37c0980e73bb6479ef766c45957d4b510c
  ttorm: 51922429761b0e73281942bb34676737b2976ef3

PODFILE CHECKSUM: aafe91acc616949ddb318b77800a7f51bffa2a4c

COCOAPODS: 1.10.0
